
Microsoft Visual Studio Solution File, Format Version 12.00
# Visual Studio 15
VisualStudioVersion = 15.0.27004.2009
MinimumVisualStudioVersion = 10.0.40219.1
Project("{FAE04EC0-301F-11D3-BF4B-00C04F79EFBC}") = "CustomDataList", "CustomDataList\CustomDataList.csproj", "{A32B391F-97F6-42EA-BACE-F4EE7AF353C9}"
EndProject
Global
	GlobalSection(SolutionConfigurationPlatforms) = preSolution
		Debug|Any CPU = Debug|Any CPU
		Release|Any CPU = Release|Any CPU
	EndGlobalSection
	GlobalSection(ProjectConfigurationPlatforms) = postSolution
		{A32B391F-97F6-42EA-BACE-F4EE7AF353C9}.Debug|Any CPU.ActiveCfg = Debug|Any CPU
		{A32B391F-97F6-42EA-BACE-F4EE7AF353C9}.Debug|Any CPU.Build.0 = Debug|Any CPU
		{A32B391F-97F6-42EA-BACE-F4EE7AF353C9}.Release|Any CPU.ActiveCfg = Release|Any CPU
		{A32B391F-97F6-42EA-BACE-F4EE7AF353C9}.Release|Any CPU.Build.0 = Release|Any CPU
	EndGlobalSection
	GlobalSection(SolutionProperties) = preSolution
		HideSolutionNode = FALSE
	EndGlobalSection
	GlobalSection(ExtensibilityGlobals) = postSolution
		SolutionGuid = {A9F4EE7A-E02B-4980-B9F6-C61FDAFBB52D}
	EndGlobalSection
EndGlobal
